# This file is automatically @generated by Poetry 1.5.1 and should not be changed by hand.

[[package]]
name = "node-semver"
version = "0.8.1"
description = "port of node-semver"
optional = false
python-versions = "*"
files = [
    {file = "node-semver-0.8.1.tar.gz", hash = "sha256:281600d009606f4f63ddcbe148992e235b39a69937b9c20359e2f4a2adbb1e00"},
    {file = "node_semver-0.8.1-py3-none-any.whl", hash = "sha256:3b3594c2d87e1a44fd332ce7f00e87a235a0a4fb9cb46d62b243e43c019c27fd"},
]

[package.extras]
testing = ["pytest"]

[metadata]
lock-version = "2.0"
python-versions = "^3.10"
content-hash = "54056299ee34ed560e53025d9aab3de057cbbc74ba503eb5280ca8a816a173bf"
